
Microsoft Visual Studio Solution File, Format Version 12.00
# Visual Studio 15
VisualStudioVersion = 15.0.26124.0
MinimumVisualStudioVersion = 15.0.26124.0
Project("{FAE04EC0-301F-11D3-BF4B-00C04F79EFBC}") = "Domain", "Domain\Domain.csproj", "{6757C9C8-69F2-4900-B508-69B377D1BA70}"
EndProject
Project("{FAE04EC0-301F-11D3-BF4B-00C04F79EFBC}") = "Application", "Application\Application.csproj", "{81C6A3EF-BA81-4993-8C54-02C56DE623F7}"
EndProject
Project("{FAE04EC0-301F-11D3-BF4B-00C04F79EFBC}") = "Persistence", "Persistence\Persistence.csproj", "{D991D52A-F9E4-459B-8D31-DE319059A2C0}"
EndProject
Project("{FAE04EC0-301F-11D3-BF4B-00C04F79EFBC}") = "API", "API\API.csproj", "{4C78354F-9FE4-491A-B90E-269F470E6779}"
EndProject
Global
	GlobalSection(SolutionConfigurationPlatforms) = preSolution
		Debug|Any CPU = Debug|Any CPU
		Debug|x64 = Debug|x64
		Debug|x86 = Debug|x86
		Release|Any CPU = Release|Any CPU
		Release|x64 = Release|x64
		Release|x86 = Release|x86
	EndGlobalSection
	GlobalSection(SolutionProperties) = preSolution
		HideSolutionNode = FALSE
	EndGlobalSection
	GlobalSection(ProjectConfigurationPlatforms) = postSolution
		{6757C9C8-69F2-4900-B508-69B377D1BA70}.Debug|Any CPU.ActiveCfg = Debug|Any CPU
		{6757C9C8-69F2-4900-B508-69B377D1BA70}.Debug|Any CPU.Build.0 = Debug|Any CPU
		{6757C9C8-69F2-4900-B508-69B377D1BA70}.Debug|x64.ActiveCfg = Debug|Any CPU
		{6757C9C8-69F2-4900-B508-69B377D1BA70}.Debug|x64.Build.0 = Debug|Any CPU
		{6757C9C8-69F2-4900-B508-69B377D1BA70}.Debug|x86.ActiveCfg = Debug|Any CPU
		{6757C9C8-69F2-4900-B508-69B377D1BA70}.Debug|x86.Build.0 = Debug|Any CPU
		{6757C9C8-69F2-4900-B508-69B377D1BA70}.Release|Any CPU.ActiveCfg = Release|Any CPU
		{6757C9C8-69F2-4900-B508-69B377D1BA70}.Release|Any CPU.Build.0 = Release|Any CPU
		{6757C9C8-69F2-4900-B508-69B377D1BA70}.Release|x64.ActiveCfg = Release|Any CPU
		{6757C9C8-69F2-4900-B508-69B377D1BA70}.Release|x64.Build.0 = Release|Any CPU
		{6757C9C8-69F2-4900-B508-69B377D1BA70}.Release|x86.ActiveCfg = Release|Any CPU
		{6757C9C8-69F2-4900-B508-69B377D1BA70}.Release|x86.Build.0 = Release|Any CPU
		{81C6A3EF-BA81-4993-8C54-02C56DE623F7}.Debug|Any CPU.ActiveCfg = Debug|Any CPU
		{81C6A3EF-BA81-4993-8C54-02C56DE623F7}.Debug|Any CPU.Build.0 = Debug|Any CPU
		{81C6A3EF-BA81-4993-8C54-02C56DE623F7}.Debug|x64.ActiveCfg = Debug|Any CPU
		{81C6A3EF-BA81-4993-8C54-02C56DE623F7}.Debug|x64.Build.0 = Debug|Any CPU
		{81C6A3EF-BA81-4993-8C54-02C56DE623F7}.Debug|x86.ActiveCfg = Debug|Any CPU
		{81C6A3EF-BA81-4993-8C54-02C56DE623F7}.Debug|x86.Build.0 = Debug|Any CPU
		{81C6A3EF-BA81-4993-8C54-02C56DE623F7}.Release|Any CPU.ActiveCfg = Release|Any CPU
		{81C6A3EF-BA81-4993-8C54-02C56DE623F7}.Release|Any CPU.Build.0 = Release|Any CPU
		{81C6A3EF-BA81-4993-8C54-02C56DE623F7}.Release|x64.ActiveCfg = Release|Any CPU
		{81C6A3EF-BA81-4993-8C54-02C56DE623F7}.Release|x64.Build.0 = Release|Any CPU
		{81C6A3EF-BA81-4993-8C54-02C56DE623F7}.Release|x86.ActiveCfg = Release|Any CPU
		{81C6A3EF-BA81-4993-8C54-02C56DE623F7}.Release|x86.Build.0 = Release|Any CPU
		{D991D52A-F9E4-459B-8D31-DE319059A2C0}.Debug|Any CPU.ActiveCfg = Debug|Any CPU
		{D991D52A-F9E4-459B-8D31-DE319059A2C0}.Debug|Any CPU.Build.0 = Debug|Any CPU
		{D991D52A-F9E4-459B-8D31-DE319059A2C0}.Debug|x64.ActiveCfg = Debug|Any CPU
		{D991D52A-F9E4-459B-8D31-DE319059A2C0}.Debug|x64.Build.0 = Debug|Any CPU
		{D991D52A-F9E4-459B-8D31-DE319059A2C0}.Debug|x86.ActiveCfg = Debug|Any CPU
		{D991D52A-F9E4-459B-8D31-DE319059A2C0}.Debug|x86.Build.0 = Debug|Any CPU
		{D991D52A-F9E4-459B-8D31-DE319059A2C0}.Release|Any CPU.ActiveCfg = Release|Any CPU
		{D991D52A-F9E4-459B-8D31-DE319059A2C0}.Release|Any CPU.Build.0 = Release|Any CPU
		{D991D52A-F9E4-459B-8D31-DE319059A2C0}.Release|x64.ActiveCfg = Release|Any CPU
		{D991D52A-F9E4-459B-8D31-DE319059A2C0}.Release|x64.Build.0 = Release|Any CPU
		{D991D52A-F9E4-459B-8D31-DE319059A2C0}.Release|x86.ActiveCfg = Release|Any CPU
		{D991D52A-F9E4-459B-8D31-DE319059A2C0}.Release|x86.Build.0 = Release|Any CPU
		{4C78354F-9FE4-491A-B90E-269F470E6779}.Debug|Any CPU.ActiveCfg = Debug|Any CPU
		{4C78354F-9FE4-491A-B90E-269F470E6779}.Debug|Any CPU.Build.0 = Debug|Any CPU
		{4C78354F-9FE4-491A-B90E-269F470E6779}.Debug|x64.ActiveCfg = Debug|Any CPU
		{4C78354F-9FE4-491A-B90E-269F470E6779}.Debug|x64.Build.0 = Debug|Any CPU
		{4C78354F-9FE4-491A-B90E-269F470E6779}.Debug|x86.ActiveCfg = Debug|Any CPU
		{4C78354F-9FE4-491A-B90E-269F470E6779}.Debug|x86.Build.0 = Debug|Any CPU
		{4C78354F-9FE4-491A-B90E-269F470E6779}.Release|Any CPU.ActiveCfg = Release|Any CPU
		{4C78354F-9FE4-491A-B90E-269F470E6779}.Release|Any CPU.Build.0 = Release|Any CPU
		{4C78354F-9FE4-491A-B90E-269F470E6779}.Release|x64.ActiveCfg = Release|Any CPU
		{4C78354F-9FE4-491A-B90E-269F470E6779}.Release|x64.Build.0 = Release|Any CPU
		{4C78354F-9FE4-491A-B90E-269F470E6779}.Release|x86.ActiveCfg = Release|Any CPU
		{4C78354F-9FE4-491A-B90E-269F470E6779}.Release|x86.Build.0 = Release|Any CPU
	EndGlobalSection
EndGlobal
